
Microsoft Visual Studio Solution File, Format Version 12.00
# Visual Studio Version 16
VisualStudioVersion = 16.0.31729.503
MinimumVisualStudioVersion = 10.0.40219.1
Project("{9A19103F-16F7-4668-BE54-9A1E7A4F7556}") = "WebAPI", "WebAPI\WebAPI.csproj", "{5A1B8915-7FFD-4990-8012-194865FFBAA0}"
EndProject
Project("{FAE04EC0-301F-11D3-BF4B-00C04F79EFBC}") = "Iepure_Paul_Lab12.Android", "Iepure_Paul_Lab12\Iepure_Paul_Lab12.Android\Iepure_Paul_Lab12.Android.csproj", "{90A74626-978D-45A4-BF79-8D5C483D784D}"
EndProject
Project("{FAE04EC0-301F-11D3-BF4B-00C04F79EFBC}") = "Iepure_Paul_Lab12", "Iepure_Paul_Lab12\Iepure_Paul_Lab12\Iepure_Paul_Lab12.csproj", "{739D8F4F-51DC-4E01-9174-E4205B7BF859}"
EndProject
Global
	GlobalSection(SolutionConfigurationPlatforms) = preSolution
		Debug|Any CPU = Debug|Any CPU
		Release|Any CPU = Release|Any CPU
	EndGlobalSection
	GlobalSection(ProjectConfigurationPlatforms) = postSolution
		{5A1B8915-7FFD-4990-8012-194865FFBAA0}.Debug|Any CPU.ActiveCfg = Debug|Any CPU
		{5A1B8915-7FFD-4990-8012-194865FFBAA0}.Debug|Any CPU.Build.0 = Debug|Any CPU
		{5A1B8915-7FFD-4990-8012-194865FFBAA0}.Release|Any CPU.ActiveCfg = Release|Any CPU
		{5A1B8915-7FFD-4990-8012-194865FFBAA0}.Release|Any CPU.Build.0 = Release|Any CPU
		{90A74626-978D-45A4-BF79-8D5C483D784D}.Debug|Any CPU.ActiveCfg = Debug|Any CPU
		{90A74626-978D-45A4-BF79-8D5C483D784D}.Debug|Any CPU.Build.0 = Debug|Any CPU
		{90A74626-978D-45A4-BF79-8D5C483D784D}.Debug|Any CPU.Deploy.0 = Debug|Any CPU
		{90A74626-978D-45A4-BF79-8D5C483D784D}.Release|Any CPU.ActiveCfg = Release|Any CPU
		{90A74626-978D-45A4-BF79-8D5C483D784D}.Release|Any CPU.Build.0 = Release|Any CPU
		{90A74626-978D-45A4-BF79-8D5C483D784D}.Release|Any CPU.Deploy.0 = Release|Any CPU
		{739D8F4F-51DC-4E01-9174-E4205B7BF859}.Debug|Any CPU.ActiveCfg = Debug|Any CPU
		{739D8F4F-51DC-4E01-9174-E4205B7BF859}.Debug|Any CPU.Build.0 = Debug|Any CPU
		{739D8F4F-51DC-4E01-9174-E4205B7BF859}.Release|Any CPU.ActiveCfg = Release|Any CPU
		{739D8F4F-51DC-4E01-9174-E4205B7BF859}.Release|Any CPU.Build.0 = Release|Any CPU
	EndGlobalSection
	GlobalSection(SolutionProperties) = preSolution
		HideSolutionNode = FALSE
	EndGlobalSection
	GlobalSection(ExtensibilityGlobals) = postSolution
		SolutionGuid = {78031DD1-6A25-4663-98BC-7BFC33690845}
	EndGlobalSection
EndGlobal
